
Microsoft Visual Studio Solution File, Format Version 12.00
# Visual Studio 15
Project("{FAE04EC0-301F-11D3-BF4B-00C04F79EFBC}") = "TestProjekt007.Core", "TestProjekt007\TestProjekt007.Core\TestProjekt007.Core.csproj", "{21E61BC0-CF03-4B16-8498-1ADEBD55B494}"
EndProject
Project("{FAE04EC0-301F-11D3-BF4B-00C04F79EFBC}") = "TestProjekt007.Droid", "TestProjekt007\TestProjekt007.Droid\TestProjekt007.Droid.csproj", "{24290B72-769C-4CF1-977A-CEEF7A099C65}"
EndProject
Project("{FAE04EC0-301F-11D3-BF4B-00C04F79EFBC}") = "TestProjekt007.iOS", "TestProjekt007\TestProjekt007.iOS\TestProjekt007.iOS.csproj", "{A4935729-2F5B-4961-B2C8-69D62C8D7652}"
EndProject
Global
	GlobalSection(SolutionConfigurationPlatforms) = preSolution
		Debug|Any CPU = Debug|Any CPU
		Release|Any CPU = Release|Any CPU
		Debug|iPhoneSimulator = Debug|iPhoneSimulator
		Release|iPhoneSimulator = Release|iPhoneSimulator
		Debug|iPhone = Debug|iPhone
		Release|iPhone = Release|iPhone
		Ad-Hoc|iPhone = Ad-Hoc|iPhone
		AppStore|iPhone = AppStore|iPhone
	EndGlobalSection
	GlobalSection(ProjectConfigurationPlatforms) = postSolution
		{21E61BC0-CF03-4B16-8498-1ADEBD55B494}.Debug|Any CPU.ActiveCfg = Debug|Any CPU
		{21E61BC0-CF03-4B16-8498-1ADEBD55B494}.Debug|Any CPU.Build.0 = Debug|Any CPU
		{21E61BC0-CF03-4B16-8498-1ADEBD55B494}.Release|Any CPU.ActiveCfg = Release|Any CPU
		{21E61BC0-CF03-4B16-8498-1ADEBD55B494}.Release|Any CPU.Build.0 = Release|Any CPU
		{21E61BC0-CF03-4B16-8498-1ADEBD55B494}.Debug|iPhoneSimulator.ActiveCfg = Debug|Any CPU
		{21E61BC0-CF03-4B16-8498-1ADEBD55B494}.Debug|iPhoneSimulator.Build.0 = Debug|Any CPU
		{21E61BC0-CF03-4B16-8498-1ADEBD55B494}.Release|iPhoneSimulator.ActiveCfg = Release|Any CPU
		{21E61BC0-CF03-4B16-8498-1ADEBD55B494}.Release|iPhoneSimulator.Build.0 = Release|Any CPU
		{21E61BC0-CF03-4B16-8498-1ADEBD55B494}.Debug|iPhone.ActiveCfg = Debug|Any CPU
		{21E61BC0-CF03-4B16-8498-1ADEBD55B494}.Debug|iPhone.Build.0 = Debug|Any CPU
		{21E61BC0-CF03-4B16-8498-1ADEBD55B494}.Release|iPhone.ActiveCfg = Release|Any CPU
		{21E61BC0-CF03-4B16-8498-1ADEBD55B494}.Release|iPhone.Build.0 = Release|Any CPU
		{21E61BC0-CF03-4B16-8498-1ADEBD55B494}.Ad-Hoc|iPhone.ActiveCfg = Debug|Any CPU
		{21E61BC0-CF03-4B16-8498-1ADEBD55B494}.Ad-Hoc|iPhone.Build.0 = Debug|Any CPU
		{21E61BC0-CF03-4B16-8498-1ADEBD55B494}.AppStore|iPhone.ActiveCfg = Debug|Any CPU
		{21E61BC0-CF03-4B16-8498-1ADEBD55B494}.AppStore|iPhone.Build.0 = Debug|Any CPU
		{24290B72-769C-4CF1-977A-CEEF7A099C65}.Debug|Any CPU.ActiveCfg = Debug|Any CPU
		{24290B72-769C-4CF1-977A-CEEF7A099C65}.Debug|Any CPU.Build.0 = Debug|Any CPU
		{24290B72-769C-4CF1-977A-CEEF7A099C65}.Release|Any CPU.ActiveCfg = Release|Any CPU
		{24290B72-769C-4CF1-977A-CEEF7A099C65}.Release|Any CPU.Build.0 = Release|Any CPU
		{24290B72-769C-4CF1-977A-CEEF7A099C65}.Debug|iPhoneSimulator.ActiveCfg = Debug|Any CPU
		{24290B72-769C-4CF1-977A-CEEF7A099C65}.Debug|iPhoneSimulator.Build.0 = Debug|Any CPU
		{24290B72-769C-4CF1-977A-CEEF7A099C65}.Release|iPhoneSimulator.ActiveCfg = Release|Any CPU
		{24290B72-769C-4CF1-977A-CEEF7A099C65}.Release|iPhoneSimulator.Build.0 = Release|Any CPU
		{24290B72-769C-4CF1-977A-CEEF7A099C65}.Debug|iPhone.ActiveCfg = Debug|Any CPU
		{24290B72-769C-4CF1-977A-CEEF7A099C65}.Debug|iPhone.Build.0 = Debug|Any CPU
		{24290B72-769C-4CF1-977A-CEEF7A099C65}.Release|iPhone.ActiveCfg = Release|Any CPU
		{24290B72-769C-4CF1-977A-CEEF7A099C65}.Release|iPhone.Build.0 = Release|Any CPU
		{24290B72-769C-4CF1-977A-CEEF7A099C65}.Ad-Hoc|iPhone.ActiveCfg = Debug|Any CPU
		{24290B72-769C-4CF1-977A-CEEF7A099C65}.Ad-Hoc|iPhone.Build.0 = Debug|Any CPU
		{24290B72-769C-4CF1-977A-CEEF7A099C65}.AppStore|iPhone.ActiveCfg = Debug|Any CPU
		{24290B72-769C-4CF1-977A-CEEF7A099C65}.AppStore|iPhone.Build.0 = Debug|Any CPU
		{A4935729-2F5B-4961-B2C8-69D62C8D7652}.Debug|Any CPU.ActiveCfg = Debug|iPhoneSimulator
		{A4935729-2F5B-4961-B2C8-69D62C8D7652}.Debug|Any CPU.Build.0 = Debug|iPhoneSimulator
		{A4935729-2F5B-4961-B2C8-69D62C8D7652}.Release|Any CPU.ActiveCfg = Release|iPhoneSimulator
		{A4935729-2F5B-4961-B2C8-69D62C8D7652}.Release|Any CPU.Build.0 = Release|iPhoneSimulator
		{A4935729-2F5B-4961-B2C8-69D62C8D7652}.Debug|iPhoneSimulator.ActiveCfg = Debug|iPhoneSimulator
		{A4935729-2F5B-4961-B2C8-69D62C8D7652}.Debug|iPhoneSimulator.Build.0 = Debug|iPhoneSimulator
		{A4935729-2F5B-4961-B2C8-69D62C8D7652}.Release|iPhoneSimulator.ActiveCfg = Release|iPhoneSimulator
		{A4935729-2F5B-4961-B2C8-69D62C8D7652}.Release|iPhoneSimulator.Build.0 = Release|iPhoneSimulator
		{A4935729-2F5B-4961-B2C8-69D62C8D7652}.Debug|iPhone.ActiveCfg = Debug|iPhone
		{A4935729-2F5B-4961-B2C8-69D62C8D7652}.Debug|iPhone.Build.0 = Debug|iPhone
		{A4935729-2F5B-4961-B2C8-69D62C8D7652}.Release|iPhone.ActiveCfg = Release|iPhone
		{A4935729-2F5B-4961-B2C8-69D62C8D7652}.Release|iPhone.Build.0 = Release|iPhone
		{A4935729-2F5B-4961-B2C8-69D62C8D7652}.Ad-Hoc|iPhone.ActiveCfg = Ad-Hoc|iPhone
		{A4935729-2F5B-4961-B2C8-69D62C8D7652}.Ad-Hoc|iPhone.Build.0 = Ad-Hoc|iPhone
		{A4935729-2F5B-4961-B2C8-69D62C8D7652}.AppStore|iPhone.ActiveCfg = AppStore|iPhone
		{A4935729-2F5B-4961-B2C8-69D62C8D7652}.AppStore|iPhone.Build.0 = AppStore|iPhone
	EndGlobalSection
EndGlobal
